{
  "nodes": {
    "home-manager": {
      "inputs": {
        "nixpkgs": [
          "nixpkgs"
        ]
      },
      "locked": {
        "lastModified": 1755313937,
        "narHash": "sha256-pQb7bNcolxYGRiylUCrTddiF+qW2wsUiM9+eRIDUrVU=",
        "owner": "nix-community",
        "repo": "home-manager",
        "rev": "2a749f4790a14f7168be67cdf6e548ef1c944e10",
        "type": "github"
      },
      "original": {
        "owner": "nix-community",
        "repo": "home-manager",
        "type": "github"
      }
    },
    "impurity": {
      "locked": {
        "lastModified": 1689836741,
        "narHash": "sha256-82KeRg2sAqDXCdzVs8P8GoqVaPsZjkWgrfsj6kgOLTY=",
        "owner": "outfoxxed",
        "repo": "impurity.nix",
        "rev": "bbc41b69ab5485cd55aa315d08cff865781d3913",
        "type": "github"
      },
      "original": {
        "owner": "outfoxxed",
        "repo": "impurity.nix",
        "type": "github"
      }
    },
    "nixpkgs": {
      "locked": {
        "lastModified": 1755186698,
        "narHash": "sha256-wNO3+Ks2jZJ4nTHMuks+cxAiVBGNuEBXsT29Bz6HASo=",
        "owner": "nixos",
        "repo": "nixpkgs",
        "rev": "fbcf476f790d8a217c3eab4e12033dc4a0f6d23c",
        "type": "github"
      },
      "original": {
        "owner": "nixos",
        "ref": "nixos-unstable",
        "repo": "nixpkgs",
        "type": "github"
      }
    },
    "root": {
      "inputs": {
        "home-manager": "home-manager",
        "impurity": "impurity",
        "nixpkgs": "nixpkgs"
      }
    }
  },
  "root": "root",
  "version": 7
}
